// !$*UTF8*$!
{
	archiveVersion = 1;
	classes = {
	};
	objectVersion = 56;
	objects = {

/* Begin PBXBuildFile section */
		088E99042A53B75000F2A657 /* AnimatedConnectButtonApp.swift in Sources */ = {isa = PBXBuildFile; fileRef = 088E99032A53B75000F2A657 /* AnimatedConnectButtonApp.swift */; };
		088E99062A53B75000F2A657 /* ContentView.swift in Sources */ = {isa = PBXBuildFile; fileRef = 088E99052A53B75000F2A657 /* ContentView.swift */; };
		088E99082A53B75200F2A657 /* Assets.xcassets in Resources */ = {isa = PBXBuildFile; fileRef = 088E99072A53B75200F2A657 /* Assets.xcassets */; };
		088E990C2A53B75200F2A657 /* Preview Assets.xcassets in Resources */ = {isa = PBXBuildFile; fileRef = 088E990B2A53B75200F2A657 /* Preview Assets.xcassets */; };
		088E99162A53B75200F2A657 /* AnimatedConnectButtonTests.swift in Sources */ = {isa = PBXBuildFile; fileRef = 088E99152A53B75200F2A657 /* AnimatedConnectButtonTests.swift */; };
		088E99202A53B75200F2A657 /* AnimatedConnectButtonUITests.swift in Sources */ = {isa = PBXBuildFile; fileRef = 088E991F2A53B75200F2A657 /* AnimatedConnectButtonUITests.swift */; };
		088E99222A53B75200F2A657 /* AnimatedConnectButtonUITestsLaunchTests.swift in Sources */ = {isa = PBXBuildFile; fileRef = 088E99212A53B75200F2A657 /* AnimatedConnectButtonUITestsLaunchTests.swift */; };
/* End PBXBuildFile section */

/* Begin PBXContainerItemProxy section */
		088E99122A53B75200F2A657 /* PBXContainerItemProxy */ = {
			isa = PBXContainerItemProxy;
			containerPortal = 088E98F82A53B75000F2A657 /* Project object */;
			proxyType = 1;
			remoteGlobalIDString = 088E98FF2A53B75000F2A657;
			remoteInfo = AnimatedConnectButton;
		};
		088E991C2A53B75200F2A657 /* PBXContainerItemProxy */ = {
			isa = PBXContainerItemProxy;
			containerPortal = 088E98F82A53B75000F2A657 /* Project object */;
			proxyType = 1;
			remoteGlobalIDString = 088E98FF2A53B75000F2A657;
			remoteInfo = AnimatedConnectButton;
		};
/* End PBXContainerItemProxy section */

/* Begin PBXFileReference section */
		088E99002A53B75000F2A657 /* AnimatedConnectButton.app */ = {isa = PBXFileReference; explicitFileType = wrapper.application; includeInIndex = 0; path = AnimatedConnectButton.app; sourceTree = BUILT_PRODUCTS_DIR; };
		088E99032A53B75000F2A657 /* AnimatedConnectButtonApp.swift */ = {isa = PBXFileReference; lastKnownFileType = sourcecode.swift; path = AnimatedConnectButtonApp.swift; sourceTree = "<group>"; };
		088E99052A53B75000F2A657 /* ContentView.swift */ = {isa = PBXFileReference; lastKnownFileType = sourcecode.swift; path = ContentView.swift; sourceTree = "<group>"; };
		088E99072A53B75200F2A657 /* Assets.xcassets */ = {isa = PBXFileReference; lastKnownFileType = folder.assetcatalog; path = Assets.xcassets; sourceTree = "<group>"; };
		088E99092A53B75200F2A657 /* AnimatedConnectButton.entitlements */ = {isa = PBXFileReference; lastKnownFileType = text.plist.entitlements; path = AnimatedConnectButton.entitlements; sourceTree = "<group>"; };
		088E990B2A53B75200F2A657 /* Preview Assets.xcassets */ = {isa = PBXFileReference; lastKnownFileType = folder.assetcatalog; path = "Preview Assets.xcassets"; sourceTree = "<group>"; };
		088E99112A53B75200F2A657 /* AnimatedConnectButtonTests.xctest */ = {isa = PBXFileReference; explicitFileType = wrapper.cfbundle; includeInIndex = 0; path = AnimatedConnectButtonTests.xctest; sourceTree = BUILT_PRODUCTS_DIR; };
		088E99152A53B75200F2A657 /* AnimatedConnectButtonTests.swift */ = {isa = PBXFileReference; lastKnownFileType = sourcecode.swift; path = AnimatedConnectButtonTests.swift; sourceTree = "<group>"; };
		088E991B2A53B75200F2A657 /* AnimatedConnectButtonUITests.xctest */ = {isa = PBXFileReference; explicitFileType = wrapper.cfbundle; includeInIndex = 0; path = AnimatedConnectButtonUITests.xctest; sourceTree = BUILT_PRODUCTS_DIR; };
		088E991F2A53B75200F2A657 /* AnimatedConnectButtonUITests.swift */ = {isa = PBXFileReference; lastKnownFileType = sourcecode.swift; path = AnimatedConnectButtonUITests.swift; sourceTree = "<group>"; };
		088E99212A53B75200F2A657 /* AnimatedConnectButtonUITestsLaunchTests.swift */ = {isa = PBXFileReference; lastKnownFileType = sourcecode.swift; path = AnimatedConnectButtonUITestsLaunchTests.swift; sourceTree = "<group>"; };
/* End PBXFileReference section */

/* Begin PBXFrameworksBuildPhase section */
		088E98FD2A53B75000F2A657 /* Frameworks */ = {
			isa = PBXFrameworksBuildPhase;
			buildActionMask = 2147483647;
			files = (
			);
			runOnlyForDeploymentPostprocessing = 0;
		};
		088E990E2A53B75200F2A657 /* Frameworks */ = {
			isa = PBXFrameworksBuildPhase;
			buildActionMask = 2147483647;
			files = (
			);
			runOnlyForDeploymentPostprocessing = 0;
		};
		088E99182A53B75200F2A657 /* Frameworks */ = {
			isa = PBXFrameworksBuildPhase;
			buildActionMask = 2147483647;
			files = (
			);
			runOnlyForDeploymentPostprocessing = 0;
		};
/* End PBXFrameworksBuildPhase section */

/* Begin PBXGroup section */
		088E98F72A53B75000F2A657 = {
			isa = PBXGroup;
			children = (
				088E99022A53B75000F2A657 /* AnimatedConnectButton */,
				088E99142A53B75200F2A657 /* AnimatedConnectButtonTests */,
				088E991E2A53B75200F2A657 /* AnimatedConnectButtonUITests */,
				088E99012A53B75000F2A657 /* Products */,
			);
			sourceTree = "<group>";
		};
		088E99012A53B75000F2A657 /* Products */ = {
			isa = PBXGroup;
			children = (
				088E99002A53B75000F2A657 /* AnimatedConnectButton.app */,
				088E99112A53B75200F2A657 /* AnimatedConnectButtonTests.xctest */,
				088E991B2A53B75200F2A657 /* AnimatedConnectButtonUITests.xctest */,
			);
			name = Products;
			sourceTree = "<group>";
		};
		088E99022A53B75000F2A657 /* AnimatedConnectButton */ = {
			isa = PBXGroup;
			children = (
				088E99032A53B75000F2A657 /* AnimatedConnectButtonApp.swift */,
				088E99052A53B75000F2A657 /* ContentView.swift */,
				088E99072A53B75200F2A657 /* Assets.xcassets */,
				088E99092A53B75200F2A657 /* AnimatedConnectButton.entitlements */,
				088E990A2A53B75200F2A657 /* Preview Content */,
			);
			path = AnimatedConnectButton;
			sourceTree = "<group>";
		};
		088E990A2A53B75200F2A657 /* Preview Content */ = {
			isa = PBXGroup;
			children = (
				088E990B2A53B75200F2A657 /* Preview Assets.xcassets */,
			);
			path = "Preview Content";
			sourceTree = "<group>";
		};
		088E99142A53B75200F2A657 /* AnimatedConnectButtonTests */ = {
			isa = PBXGroup;
			children = (
				088E99152A53B75200F2A657 /* AnimatedConnectButtonTests.swift */,
			);
			path = AnimatedConnectButtonTests;
			sourceTree = "<group>";
		};
		088E991E2A53B75200F2A657 /* AnimatedConnectButtonUITests */ = {
			isa = PBXGroup;
			children = (
				088E991F2A53B75200F2A657 /* AnimatedConnectButtonUITests.swift */,
				088E99212A53B75200F2A657 /* AnimatedConnectButtonUITestsLaunchTests.swift */,
			);
			path = AnimatedConnectButtonUITests;
			sourceTree = "<group>";
		};
/* End PBXGroup section */

/* Begin PBXNativeTarget section */
		088E98FF2A53B75000F2A657 /* AnimatedConnectButton */ = {
			isa = PBXNativeTarget;
			buildConfigurationList = 088E99252A53B75200F2A657 /* Build configuration list for PBXNativeTarget "AnimatedConnectButton" */;
			buildPhases = (
				088E98FC2A53B75000F2A657 /* Sources */,
				088E98FD2A53B75000F2A657 /* Frameworks */,
				088E98FE2A53B75000F2A657 /* Resources */,
			);
			buildRules = (
			);
			dependencies = (
			);
			name = AnimatedConnectButton;
			productName = AnimatedConnectButton;
			productReference = 088E99002A53B75000F2A657 /* AnimatedConnectButton.app */;
			productType = "com.apple.product-type.application";
		};
		088E99102A53B75200F2A657 /* AnimatedConnectButtonTests */ = {
			isa = PBXNativeTarget;
			buildConfigurationList = 088E99282A53B75200F2A657 /* Build configuration list for PBXNativeTarget "AnimatedConnectButtonTests" */;
			buildPhases = (
				088E990D2A53B75200F2A657 /* Sources */,
				088E990E2A53B75200F2A657 /* Frameworks */,
				088E990F2A53B75200F2A657 /* Resources */,
			);
			buildRules = (
			);
			dependencies = (
				088E99132A53B75200F2A657 /* PBXTargetDependency */,
			);
			name = AnimatedConnectButtonTests;
			productName = AnimatedConnectButtonTests;
			productReference = 088E99112A53B75200F2A657 /* AnimatedConnectButtonTests.xctest */;
			productType = "com.apple.product-type.bundle.unit-test";
		};
		088E991A2A53B75200F2A657 /* AnimatedConnectButtonUITests */ = {
			isa = PBXNativeTarget;
			buildConfigurationList = 088E992B2A53B75200F2A657 /* Build configuration list for PBXNativeTarget "AnimatedConnectButtonUITests" */;
			buildPhases = (
				088E99172A53B75200F2A657 /* Sources */,
				088E99182A53B75200F2A657 /* Frameworks */,
				088E99192A53B75200F2A657 /* Resources */,
			);
			buildRules = (
			);
			dependencies = (
				088E991D2A53B75200F2A657 /* PBXTargetDependency */,
			);
			name = AnimatedConnectButtonUITests;
			productName = AnimatedConnectButtonUITests;
			productReference = 088E991B2A53B75200F2A657 /* AnimatedConnectButtonUITests.xctest */;
			productType = "com.apple.product-type.bundle.ui-testing";
		};
/* End PBXNativeTarget section */

/* Begin PBXProject section */
		088E98F82A53B75000F2A657 /* Project object */ = {
			isa = PBXProject;
			attributes = {
				BuildIndependentTargetsInParallel = 1;
				LastSwiftUpdateCheck = 1430;
				LastUpgradeCheck = 1430;
				TargetAttributes = {
					088E98FF2A53B75000F2A657 = {
						CreatedOnToolsVersion = 14.3.1;
					};
					088E99102A53B75200F2A657 = {
						CreatedOnToolsVersion = 14.3.1;
						TestTargetID = 088E98FF2A53B75000F2A657;
					};
					088E991A2A53B75200F2A657 = {
						CreatedOnToolsVersion = 14.3.1;
						TestTargetID = 088E98FF2A53B75000F2A657;
					};
				};
			};
			buildConfigurationList = 088E98FB2A53B75000F2A657 /* Build configuration list for PBXProject "AnimatedConnectButton" */;
			compatibilityVersion = "Xcode 14.0";
			developmentRegion = en;
			hasScannedForEncodings = 0;
			knownRegions = (
				en,
				Base,
			);
			mainGroup = 088E98F72A53B75000F2A657;
			productRefGroup = 088E99012A53B75000F2A657 /* Products */;
			projectDirPath = "";
			projectRoot = "";
			targets = (
				088E98FF2A53B75000F2A657 /* AnimatedConnectButton */,
				088E99102A53B75200F2A657 /* AnimatedConnectButtonTests */,
				088E991A2A53B75200F2A657 /* AnimatedConnectButtonUITests */,
			);
		};
/* End PBXProject section */

/* Begin PBXResourcesBuildPhase section */
		088E98FE2A53B75000F2A657 /* Resources */ = {
			isa = PBXResourcesBuildPhase;
			buildActionMask = 2147483647;
			files = (
				088E990C2A53B75200F2A657 /* Preview Assets.xcassets in Resources */,
				088E99082A53B75200F2A657 /* Assets.xcassets in Resources */,
			);
			runOnlyForDeploymentPostprocessing = 0;
		};
		088E990F2A53B75200F2A657 /* Resources */ = {
			isa = PBXResourcesBuildPhase;
			buildActionMask = 2147483647;
			files = (
			);
			runOnlyForDeploymentPostprocessing = 0;
		};
		088E99192A53B75200F2A657 /* Resources */ = {
			isa = PBXResourcesBuildPhase;
			buildActionMask = 2147483647;
			files = (
			);
			runOnlyForDeploymentPostprocessing = 0;
		};
/* End PBXResourcesBuildPhase section */

/* Begin PBXSourcesBuildPhase section */
		088E98FC2A53B75000F2A657 /* Sources */ = {
			isa = PBXSourcesBuildPhase;
			buildActionMask = 2147483647;
			files = (
				088E99062A53B75000F2A657 /* ContentView.swift in Sources */,
				088E99042A53B75000F2A657 /* AnimatedConnectButtonApp.swift in Sources */,
			);
			runOnlyForDeploymentPostprocessing = 0;
		};
		088E990D2A53B75200F2A657 /* Sources */ = {
			isa = PBXSourcesBuildPhase;
			buildActionMask = 2147483647;
			files = (
				088E99162A53B75200F2A657 /* AnimatedConnectButtonTests.swift in Sources */,
			);
			runOnlyForDeploymentPostprocessing = 0;
		};
		088E99172A53B75200F2A657 /* Sources */ = {
			isa = PBXSourcesBuildPhase;
			buildActionMask = 2147483647;
			files = (
				088E99222A53B75200F2A657 /* AnimatedConnectButtonUITestsLaunchTests.swift in Sources */,
				088E99202A53B75200F2A657 /* AnimatedConnectButtonUITests.swift in Sources */,
			);
			runOnlyForDeploymentPostprocessing = 0;
		};
/* End PBXSourcesBuildPhase section */

/* Begin PBXTargetDependency section */
		088E99132A53B75200F2A657 /* PBXTargetDependency */ = {
			isa = PBXTargetDependency;
			target = 088E98FF2A53B75000F2A657 /* AnimatedConnectButton */;
			targetProxy = 088E99122A53B75200F2A657 /* PBXContainerItemProxy */;
		};
		088E991D2A53B75200F2A657 /* PBXTargetDependency */ = {
			isa = PBXTargetDependency;
			target = 088E98FF2A53B75000F2A657 /* AnimatedConnectButton */;
			targetProxy = 088E991C2A53B75200F2A657 /* PBXContainerItemProxy */;
		};
/* End PBXTargetDependency section */

/* Begin XCBuildConfiguration section */
		088E99232A53B75200F2A657 /* Debug */ = {
			isa = XCBuildConfiguration;
			buildSettings = {
				ALWAYS_SEARCH_USER_PATHS = NO;
				CLANG_ANALYZER_NONNULL = YES;
				CLANG_ANALYZER_NUMBER_OBJECT_CONVERSION = YES_AGGRESSIVE;
				CLANG_CXX_LANGUAGE_STANDARD = "gnu++20";
				CLANG_ENABLE_MODULES = YES;
				CLANG_ENABLE_OBJC_ARC = YES;
				CLANG_ENABLE_OBJC_WEAK = YES;
				CLANG_WARN_BLOCK_CAPTURE_AUTORELEASING = YES;
				CLANG_WARN_BOOL_CONVERSION = YES;
				CLANG_WARN_COMMA = YES;
				CLANG_WARN_CONSTANT_CONVERSION = YES;
				CLANG_WARN_DEPRECATED_OBJC_IMPLEMENTATIONS = YES;
				CLANG_WARN_DIRECT_OBJC_ISA_USAGE = YES_ERROR;
				CLANG_WARN_DOCUMENTATION_COMMENTS = YES;
				CLANG_WARN_EMPTY_BODY = YES;
				CLANG_WARN_ENUM_CONVERSION = YES;
				CLANG_WARN_INFINITE_RECURSION = YES;
				CLANG_WARN_INT_CONVERSION = YES;
				CLANG_WARN_NON_LITERAL_NULL_CONVERSION = YES;
				CLANG_WARN_OBJC_IMPLICIT_RETAIN_SELF = YES;
				CLANG_WARN_OBJC_LITERAL_CONVERSION = YES;
				CLANG_WARN_OBJC_ROOT_CLASS = YES_ERROR;
				CLANG_WARN_QUOTED_INCLUDE_IN_FRAMEWORK_HEADER = YES;
				CLANG_WARN_RANGE_LOOP_ANALYSIS = YES;
				CLANG_WARN_STRICT_PROTOTYPES = YES;
				CLANG_WARN_SUSPICIOUS_MOVE = YES;
				CLANG_WARN_UNGUARDED_AVAILABILITY = YES_AGGRESSIVE;
				CLANG_WARN_UNREACHABLE_CODE = YES;
				CLANG_WARN__DUPLICATE_METHOD_MATCH = YES;
				COPY_PHASE_STRIP = NO;
				DEBUG_INFORMATION_FORMAT = dwarf;
				ENABLE_STRICT_OBJC_MSGSEND = YES;
				ENABLE_TESTABILITY = YES;
				GCC_C_LANGUAGE_STANDARD = gnu11;
				GCC_DYNAMIC_NO_PIC = NO;
				GCC_NO_COMMON_BLOCKS = YES;
				GCC_OPTIMIZATION_LEVEL = 0;
				GCC_PREPROCESSOR_DEFINITIONS = (
					"DEBUG=1",
					"$(inherited)",
				);
				GCC_WARN_64_TO_32_BIT_CONVERSION = YES;
				GCC_WARN_ABOUT_RETURN_TYPE = YES_ERROR;
				GCC_WARN_UNDECLARED_SELECTOR = YES;
				GCC_WARN_UNINITIALIZED_AUTOS = YES_AGGRESSIVE;
				GCC_WARN_UNUSED_FUNCTION = YES;
				GCC_WARN_UNUSED_VARIABLE = YES;
				MTL_ENABLE_DEBUG_INFO = INCLUDE_SOURCE;
				MTL_FAST_MATH = YES;
				ONLY_ACTIVE_ARCH = YES;
				SWIFT_ACTIVE_COMPILATION_CONDITIONS = DEBUG;
				SWIFT_OPTIMIZATION_LEVEL = "-Onone";
			};
			name = Debug;
		};
		088E99242A53B75200F2A657 /* Release */ = {
			isa = XCBuildConfiguration;
			buildSettings = {
				ALWAYS_SEARCH_USER_PATHS = NO;
				CLANG_ANALYZER_NONNULL = YES;
				CLANG_ANALYZER_NUMBER_OBJECT_CONVERSION = YES_AGGRESSIVE;
				CLANG_CXX_LANGUAGE_STANDARD = "gnu++20";
				CLANG_ENABLE_MODULES = YES;
				CLANG_ENABLE_OBJC_ARC = YES;
				CLANG_ENABLE_OBJC_WEAK = YES;
				CLANG_WARN_BLOCK_CAPTURE_AUTORELEASING = YES;
				CLANG_WARN_BOOL_CONVERSION = YES;
				CLANG_WARN_COMMA = YES;
				CLANG_WARN_CONSTANT_CONVERSION = YES;
				CLANG_WARN_DEPRECATED_OBJC_IMPLEMENTATIONS = YES;
				CLANG_WARN_DIRECT_OBJC_ISA_USAGE = YES_ERROR;
				CLANG_WARN_DOCUMENTATION_COMMENTS = YES;
				CLANG_WARN_EMPTY_BODY = YES;
				CLANG_WARN_ENUM_CONVERSION = YES;
				CLANG_WARN_INFINITE_RECURSION = YES;
				CLANG_WARN_INT_CONVERSION = YES;
				CLANG_WARN_NON_LITERAL_NULL_CONVERSION = YES;
				CLANG_WARN_OBJC_IMPLICIT_RETAIN_SELF = YES;
				CLANG_WARN_OBJC_LITERAL_CONVERSION = YES;
				CLANG_WARN_OBJC_ROOT_CLASS = YES_ERROR;
				CLANG_WARN_QUOTED_INCLUDE_IN_FRAMEWORK_HEADER = YES;
				CLANG_WARN_RANGE_LOOP_ANALYSIS = YES;
				CLANG_WARN_STRICT_PROTOTYPES = YES;
				CLANG_WARN_SUSPICIOUS_MOVE = YES;
				CLANG_WARN_UNGUARDED_AVAILABILITY = YES_AGGRESSIVE;
				CLANG_WARN_UNREACHABLE_CODE = YES;
				CLANG_WARN__DUPLICATE_METHOD_MATCH = YES;
				COPY_PHASE_STRIP = NO;
				DEBUG_INFORMATION_FORMAT = "dwarf-with-dsym";
				ENABLE_NS_ASSERTIONS = NO;
				ENABLE_STRICT_OBJC_MSGSEND = YES;
				GCC_C_LANGUAGE_STANDARD = gnu11;
				GCC_NO_COMMON_BLOCKS = YES;
				GCC_WARN_64_TO_32_BIT_CONVERSION = YES;
				GCC_WARN_ABOUT_RETURN_TYPE = YES_ERROR;
				GCC_WARN_UNDECLARED_SELECTOR = YES;
				GCC_WARN_UNINITIALIZED_AUTOS = YES_AGGRESSIVE;
				GCC_WARN_UNUSED_FUNCTION = YES;
				GCC_WARN_UNUSED_VARIABLE = YES;
				MTL_ENABLE_DEBUG_INFO = NO;
				MTL_FAST_MATH = YES;
				SWIFT_COMPILATION_MODE = wholemodule;
				SWIFT_OPTIMIZATION_LEVEL = "-O";
			};
			name = Release;
		};
		088E99262A53B75200F2A657 /* Debug */ = {
			isa = XCBuildConfiguration;
			buildSettings = {
				ASSETCATALOG_COMPILER_APPICON_NAME = AppIcon;
				ASSETCATALOG_COMPILER_GLOBAL_ACCENT_COLOR_NAME = AccentColor;
				CODE_SIGN_ENTITLEMENTS = AnimatedConnectButton/AnimatedConnectButton.entitlements;
				CODE_SIGN_STYLE = Automatic;
				CURRENT_PROJECT_VERSION = 1;
				DEVELOPMENT_ASSET_PATHS = "\"AnimatedConnectButton/Preview Content\"";
				DEVELOPMENT_TEAM = RKF34AM7UT;
				ENABLE_HARDENED_RUNTIME = YES;
				ENABLE_PREVIEWS = YES;
				GENERATE_INFOPLIST_FILE = YES;
				"INFOPLIST_KEY_UIApplicationSceneManifest_Generation[sdk=iphoneos*]" = YES;
				"INFOPLIST_KEY_UIApplicationSceneManifest_Generation[sdk=iphonesimulator*]" = YES;
				"INFOPLIST_KEY_UIApplicationSupportsIndirectInputEvents[sdk=iphoneos*]" = YES;
				"INFOPLIST_KEY_UIApplicationSupportsIndirectInputEvents[sdk=iphonesimulator*]" = YES;
				"INFOPLIST_KEY_UILaunchScreen_Generation[sdk=iphoneos*]" = YES;
				"INFOPLIST_KEY_UILaunchScreen_Generation[sdk=iphonesimulator*]" = YES;
				"INFOPLIST_KEY_UIStatusBarStyle[sdk=iphoneos*]" = UIStatusBarStyleDefault;
				"INFOPLIST_KEY_UIStatusBarStyle[sdk=iphonesimulator*]" = UIStatusBarStyleDefault;
				INFOPLIST_KEY_UISupportedInterfaceOrientations_iPad = "UIInterfaceOrientationPortrait UIInterfaceOrientationPortraitUpsideDown UIInterfaceOrientationLandscapeLeft UIInterfaceOrientationLandscapeRight";
				INFOPLIST_KEY_UISupportedInterfaceOrientations_iPhone = "UIInterfaceOrientationPortrait UIInterfaceOrientationLandscapeLeft UIInterfaceOrientationLandscapeRight";
				IPHONEOS_DEPLOYMENT_TARGET = 16.4;
				LD_RUNPATH_SEARCH_PATHS = "@executable_path/Frameworks";
				"LD_RUNPATH_SEARCH_PATHS[sdk=macosx*]" = "@executable_path/../Frameworks";
				MACOSX_DEPLOYMENT_TARGET = 13.3;
				MARKETING_VERSION = 1.0;
				PRODUCT_BUNDLE_IDENTIFIER = org.TheCodingBug.AnimatedConnectButton;
				PRODUCT_NAME = "$(TARGET_NAME)";
				SDKROOT = auto;
				SUPPORTED_PLATFORMS = "iphoneos iphonesimulator macosx";
				SWIFT_EMIT_LOC_STRINGS = YES;
				SWIFT_VERSION = 5.0;
				TARGETED_DEVICE_FAMILY = "1,2";
			};
			name = Debug;
		};
		088E99272A53B75200F2A657 /* Release */ = {
			isa = XCBuildConfiguration;
			buildSettings = {
				ASSETCATALOG_COMPILER_APPICON_NAME = AppIcon;
				ASSETCATALOG_COMPILER_GLOBAL_ACCENT_COLOR_NAME = AccentColor;
				CODE_SIGN_ENTITLEMENTS = AnimatedConnectButton/AnimatedConnectButton.entitlements;
				CODE_SIGN_STYLE = Automatic;
				CURRENT_PROJECT_VERSION = 1;
				DEVELOPMENT_ASSET_PATHS = "\"AnimatedConnectButton/Preview Content\"";
				DEVELOPMENT_TEAM = RKF34AM7UT;
				ENABLE_HARDENED_RUNTIME = YES;
				ENABLE_PREVIEWS = YES;
				GENERATE_INFOPLIST_FILE = YES;
				"INFOPLIST_KEY_UIApplicationSceneManifest_Generation[sdk=iphoneos*]" = YES;
				"INFOPLIST_KEY_UIApplicationSceneManifest_Generation[sdk=iphonesimulator*]" = YES;
				"INFOPLIST_KEY_UIApplicationSupportsIndirectInputEvents[sdk=iphoneos*]" = YES;
				"INFOPLIST_KEY_UIApplicationSupportsIndirectInputEvents[sdk=iphonesimulator*]" = YES;
				"INFOPLIST_KEY_UILaunchScreen_Generation[sdk=iphoneos*]" = YES;
				"INFOPLIST_KEY_UILaunchScreen_Generation[sdk=iphonesimulator*]" = YES;
				"INFOPLIST_KEY_UIStatusBarStyle[sdk=iphoneos*]" = UIStatusBarStyleDefault;
				"INFOPLIST_KEY_UIStatusBarStyle[sdk=iphonesimulator*]" = UIStatusBarStyleDefault;
				INFOPLIST_KEY_UISupportedInterfaceOrientations_iPad = "UIInterfaceOrientationPortrait UIInterfaceOrientationPortraitUpsideDown UIInterfaceOrientationLandscapeLeft UIInterfaceOrientationLandscapeRight";
				INFOPLIST_KEY_UISupportedInterfaceOrientations_iPhone = "UIInterfaceOrientationPortrait UIInterfaceOrientationLandscapeLeft UIInterfaceOrientationLandscapeRight";
				IPHONEOS_DEPLOYMENT_TARGET = 16.4;
				LD_RUNPATH_SEARCH_PATHS = "@executable_path/Frameworks";
				"LD_RUNPATH_SEARCH_PATHS[sdk=macosx*]" = "@executable_path/../Frameworks";
				MACOSX_DEPLOYMENT_TARGET = 13.3;
				MARKETING_VERSION = 1.0;
				PRODUCT_BUNDLE_IDENTIFIER = org.TheCodingBug.AnimatedConnectButton;
				PRODUCT_NAME = "$(TARGET_NAME)";
				SDKROOT = auto;
				SUPPORTED_PLATFORMS = "iphoneos iphonesimulator macosx";
				SWIFT_EMIT_LOC_STRINGS = YES;
				SWIFT_VERSION = 5.0;
				TARGETED_DEVICE_FAMILY = "1,2";
			};
			name = Release;
		};
		088E99292A53B75200F2A657 /* Debug */ = {
			isa = XCBuildConfiguration;
			buildSettings = {
				ALWAYS_EMBED_SWIFT_STANDARD_LIBRARIES = YES;
				BUNDLE_LOADER = "$(TEST_HOST)";
				CODE_SIGN_STYLE = Automatic;
				CURRENT_PROJECT_VERSION = 1;
				DEVELOPMENT_TEAM = RKF34AM7UT;
				GENERATE_INFOPLIST_FILE = YES;
				IPHONEOS_DEPLOYMENT_TARGET = 16.4;
				MACOSX_DEPLOYMENT_TARGET = 13.3;
				MARKETING_VERSION = 1.0;
				PRODUCT_BUNDLE_IDENTIFIER = org.TheCodingBug.AnimatedConnectButtonTests;
				PRODUCT_NAME = "$(TARGET_NAME)";
				SDKROOT = auto;
				SUPPORTED_PLATFORMS = "iphoneos iphonesimulator macosx";
				SWIFT_EMIT_LOC_STRINGS = NO;
				SWIFT_VERSION = 5.0;
				TARGETED_DEVICE_FAMILY = "1,2";
				TEST_HOST = "$(BUILT_PRODUCTS_DIR)/AnimatedConnectButton.app/$(BUNDLE_EXECUTABLE_FOLDER_PATH)/AnimatedConnectButton";
			};
			name = Debug;
		};
		088E992A2A53B75200F2A657 /* Release */ = {
			isa = XCBuildConfiguration;
			buildSettings = {
				ALWAYS_EMBED_SWIFT_STANDARD_LIBRARIES = YES;
				BUNDLE_LOADER = "$(TEST_HOST)";
				CODE_SIGN_STYLE = Automatic;
				CURRENT_PROJECT_VERSION = 1;
				DEVELOPMENT_TEAM = RKF34AM7UT;
				GENERATE_INFOPLIST_FILE = YES;
				IPHONEOS_DEPLOYMENT_TARGET = 16.4;
				MACOSX_DEPLOYMENT_TARGET = 13.3;
				MARKETING_VERSION = 1.0;
				PRODUCT_BUNDLE_IDENTIFIER = org.TheCodingBug.AnimatedConnectButtonTests;
				PRODUCT_NAME = "$(TARGET_NAME)";
				SDKROOT = auto;
				SUPPORTED_PLATFORMS = "iphoneos iphonesimulator macosx";
				SWIFT_EMIT_LOC_STRINGS = NO;
				SWIFT_VERSION = 5.0;
				TARGETED_DEVICE_FAMILY = "1,2";
				TEST_HOST = "$(BUILT_PRODUCTS_DIR)/AnimatedConnectButton.app/$(BUNDLE_EXECUTABLE_FOLDER_PATH)/AnimatedConnectButton";
			};
			name = Release;
		};
		088E992C2A53B75200F2A657 /* Debug */ = {
			isa = XCBuildConfiguration;
			buildSettings = {
				ALWAYS_EMBED_SWIFT_STANDARD_LIBRARIES = YES;
				CODE_SIGN_STYLE = Automatic;
				CURRENT_PROJECT_VERSION = 1;
				DEVELOPMENT_TEAM = RKF34AM7UT;
				GENERATE_INFOPLIST_FILE = YES;
				IPHONEOS_DEPLOYMENT_TARGET = 16.4;
				MACOSX_DEPLOYMENT_TARGET = 13.3;
				MARKETING_VERSION = 1.0;
				PRODUCT_BUNDLE_IDENTIFIER = org.TheCodingBug.AnimatedConnectButtonUITests;
				PRODUCT_NAME = "$(TARGET_NAME)";
				SDKROOT = auto;
				SUPPORTED_PLATFORMS = "iphoneos iphonesimulator macosx";
				SWIFT_EMIT_LOC_STRINGS = NO;
				SWIFT_VERSION = 5.0;
				TARGETED_DEVICE_FAMILY = "1,2";
				TEST_TARGET_NAME = AnimatedConnectButton;
			};
			name = Debug;
		};
		088E992D2A53B75200F2A657 /* Release */ = {
			isa = XCBuildConfiguration;
			buildSettings = {
				ALWAYS_EMBED_SWIFT_STANDARD_LIBRARIES = YES;
				CODE_SIGN_STYLE = Automatic;
				CURRENT_PROJECT_VERSION = 1;
				DEVELOPMENT_TEAM = RKF34AM7UT;
				GENERATE_INFOPLIST_FILE = YES;
				IPHONEOS_DEPLOYMENT_TARGET = 16.4;
				MACOSX_DEPLOYMENT_TARGET = 13.3;
				MARKETING_VERSION = 1.0;
				PRODUCT_BUNDLE_IDENTIFIER = org.TheCodingBug.AnimatedConnectButtonUITests;
				PRODUCT_NAME = "$(TARGET_NAME)";
				SDKROOT = auto;
				SUPPORTED_PLATFORMS = "iphoneos iphonesimulator macosx";
				SWIFT_EMIT_LOC_STRINGS = NO;
				SWIFT_VERSION = 5.0;
				TARGETED_DEVICE_FAMILY = "1,2";
				TEST_TARGET_NAME = AnimatedConnectButton;
			};
			name = Release;
		};
/* End XCBuildConfiguration section */

/* Begin XCConfigurationList section */
		088E98FB2A53B75000F2A657 /* Build configuration list for PBXProject "AnimatedConnectButton" */ = {
			isa = XCConfigurationList;
			buildConfigurations = (
				088E99232A53B75200F2A657 /* Debug */,
				088E99242A53B75200F2A657 /* Release */,
			);
			defaultConfigurationIsVisible = 0;
			defaultConfigurationName = Release;
		};
		088E99252A53B75200F2A657 /* Build configuration list for PBXNativeTarget "AnimatedConnectButton" */ = {
			isa = XCConfigurationList;
			buildConfigurations = (
				088E99262A53B75200F2A657 /* Debug */,
				088E99272A53B75200F2A657 /* Release */,
			);
			defaultConfigurationIsVisible = 0;
			defaultConfigurationName = Release;
		};
		088E99282A53B75200F2A657 /* Build configuration list for PBXNativeTarget "AnimatedConnectButtonTests" */ = {
			isa = XCConfigurationList;
			buildConfigurations = (
				088E99292A53B75200F2A657 /* Debug */,
				088E992A2A53B75200F2A657 /* Release */,
			);
			defaultConfigurationIsVisible = 0;
			defaultConfigurationName = Release;
		};
		088E992B2A53B75200F2A657 /* Build configuration list for PBXNativeTarget "AnimatedConnectButtonUITests" */ = {
			isa = XCConfigurationList;
			buildConfigurations = (
				088E992C2A53B75200F2A657 /* Debug */,
				088E992D2A53B75200F2A657 /* Release */,
			);
			defaultConfigurationIsVisible = 0;
			defaultConfigurationName = Release;
		};
/* End XCConfigurationList section */
	};
	rootObject = 088E98F82A53B75000F2A657 /* Project object */;
}
